
Microsoft Visual Studio Solution File, Format Version 12.00
# Visual Studio Version 16
VisualStudioVersion = 16.0.30011.22
MinimumVisualStudioVersion = 10.0.40219.1
Project("{FAE04EC0-301F-11D3-BF4B-00C04F79EFBC}") = "SEDC.ProjectExercise.Class1", "SEDC.ProjectExercise.Class1\SEDC.ProjectExercise.Class1.csproj", "{EED0044B-8A14-4FE9-91C6-517A4A11ABCB}"
EndProject
Project("{FAE04EC0-301F-11D3-BF4B-00C04F79EFBC}") = "SEDC.ProjectExercise.Task2", "SEDC.ProjectExercise.Task2\SEDC.ProjectExercise.Task2.csproj", "{C0BE7CB3-6C9A-45B0-AB97-DCE97C7805E9}"
EndProject
Global
	GlobalSection(SolutionConfigurationPlatforms) = preSolution
		Debug|Any CPU = Debug|Any CPU
		Release|Any CPU = Release|Any CPU
	EndGlobalSection
	GlobalSection(ProjectConfigurationPlatforms) = postSolution
		{EED0044B-8A14-4FE9-91C6-517A4A11ABCB}.Debug|Any CPU.ActiveCfg = Debug|Any CPU
		{EED0044B-8A14-4FE9-91C6-517A4A11ABCB}.Debug|Any CPU.Build.0 = Debug|Any CPU
		{EED0044B-8A14-4FE9-91C6-517A4A11ABCB}.Release|Any CPU.ActiveCfg = Release|Any CPU
		{EED0044B-8A14-4FE9-91C6-517A4A11ABCB}.Release|Any CPU.Build.0 = Release|Any CPU
		{C0BE7CB3-6C9A-45B0-AB97-DCE97C7805E9}.Debug|Any CPU.ActiveCfg = Debug|Any CPU
		{C0BE7CB3-6C9A-45B0-AB97-DCE97C7805E9}.Debug|Any CPU.Build.0 = Debug|Any CPU
		{C0BE7CB3-6C9A-45B0-AB97-DCE97C7805E9}.Release|Any CPU.ActiveCfg = Release|Any CPU
		{C0BE7CB3-6C9A-45B0-AB97-DCE97C7805E9}.Release|Any CPU.Build.0 = Release|Any CPU
	EndGlobalSection
	GlobalSection(SolutionProperties) = preSolution
		HideSolutionNode = FALSE
	EndGlobalSection
	GlobalSection(ExtensibilityGlobals) = postSolution
		SolutionGuid = {150BC9D3-C059-4F68-A0C0-889A83B3E36D}
	EndGlobalSection
EndGlobal
